
Microsoft Visual Studio Solution File, Format Version 12.00
# Visual Studio Version 16
VisualStudioVersion = 16.0.29424.173
MinimumVisualStudioVersion = 10.0.40219.1
Project("{8BC9CEB8-8B4A-11D0-8D11-00A0C91BC942}") = "dumbasPL_onetap_loader", "dumbasPL_onetap_loader.vcxproj", "{FE10F520-883F-42D6-9838-838243F3A48B}"
EndProject
Global
	GlobalSection(SolutionConfigurationPlatforms) = preSolution
		Debug|x64 = Debug|x64
		Debug|x86 = Debug|x86
		Release|x64 = Release|x64
		Release|x86 = Release|x86
	EndGlobalSection
	GlobalSection(ProjectConfigurationPlatforms) = postSolution
		{FE10F520-883F-42D6-9838-838243F3A48B}.Debug|x64.ActiveCfg = Debug|x64
		{FE10F520-883F-42D6-9838-838243F3A48B}.Debug|x64.Build.0 = Debug|x64
		{FE10F520-883F-42D6-9838-838243F3A48B}.Debug|x86.ActiveCfg = Debug|Win32
		{FE10F520-883F-42D6-9838-838243F3A48B}.Debug|x86.Build.0 = Debug|Win32
		{FE10F520-883F-42D6-9838-838243F3A48B}.Release|x64.ActiveCfg = Release|x64
		{FE10F520-883F-42D6-9838-838243F3A48B}.Release|x64.Build.0 = Release|x64
		{FE10F520-883F-42D6-9838-838243F3A48B}.Release|x86.ActiveCfg = Release|Win32
		{FE10F520-883F-42D6-9838-838243F3A48B}.Release|x86.Build.0 = Release|Win32
	EndGlobalSection
	GlobalSection(SolutionProperties) = preSolution
		HideSolutionNode = FALSE
	EndGlobalSection
	GlobalSection(ExtensibilityGlobals) = postSolution
		SolutionGuid = {A716E46E-F94A-4679-8236-F86A23D97811}
	EndGlobalSection
EndGlobal
